{
    "name": "@valkyrjaio/application",
    "version": "26.0.0",
    "lockfileVersion": 3,
    "requires": true,
    "packages": {
        "": {
            "name": "@valkyrjaio/application",
            "version": "26.0.0",
            "hasInstallScript": true,
            "dependencies": {
                "@valkyrjaio/valkyrja": "^26.1.0"
            }
        },
        "node_modules/@valkyrjaio/valkyrja": {
            "version": "26.1.0",
            "resolved": "https://registry.npmjs.org/@valkyrjaio/valkyrja/-/valkyrja-26.1.0.tgz",
            "integrity": "sha512-ZiiSaFAYl1P03h0Yk+hJFiVBGG+I8Yx0mzvqB//MSUil3t14JzEYFBqmpfwYoE7vXbbBuh36RjkhMkEd819TRQ==",
            "license": "MIT",
            "engines": {
                "node": ">=22"
            }
        }
    }
}
